
Microsoft Visual Studio Solution File, Format Version 12.00
# Visual Studio Version 16
VisualStudioVersion = 16.0.29709.97
MinimumVisualStudioVersion = 10.0.40219.1
Project("{9A19103F-16F7-4668-BE54-9A1E7A4F7556}") = "Fluid.UI.Windows.Showcase", "..\sources\Fluid.UI.Windows.Showcase\Fluid.UI.Windows.Showcase.csproj", "{599AAB47-FADB-4F6C-AFE9-DF56059FFFE3}"
EndProject
Project("{9A19103F-16F7-4668-BE54-9A1E7A4F7556}") = "Fluid.UI.Windows.Resources", "..\sources\Fluid.UI.Windows.Resources\Fluid.UI.Windows.Resources.csproj", "{E6F43030-89C2-4F82-B562-68A99E353392}"
EndProject
Project("{9A19103F-16F7-4668-BE54-9A1E7A4F7556}") = "Fluid.UI.Windows", "..\sources\Fluid.UI.Windows\Fluid.UI.Windows.csproj", "{769C4355-5E15-48A6-A59E-B17EE5D2E291}"
EndProject
Project("{9A19103F-16F7-4668-BE54-9A1E7A4F7556}") = "Fluid.UI.Windows.Commands", "..\sources\Fluid.UI.Windows.Presentation.Commands\Fluid.UI.Windows.Commands.csproj", "{E1427CF9-59CB-4E1D-B3B6-D2FD98B82516}"
EndProject
Global
	GlobalSection(SolutionConfigurationPlatforms) = preSolution
		Debug|Any CPU = Debug|Any CPU
		Debug|x64 = Debug|x64
		Debug|x86 = Debug|x86
		Release|Any CPU = Release|Any CPU
		Release|x64 = Release|x64
		Release|x86 = Release|x86
	EndGlobalSection
	GlobalSection(ProjectConfigurationPlatforms) = postSolution
		{599AAB47-FADB-4F6C-AFE9-DF56059FFFE3}.Debug|Any CPU.ActiveCfg = Debug|Any CPU
		{599AAB47-FADB-4F6C-AFE9-DF56059FFFE3}.Debug|Any CPU.Build.0 = Debug|Any CPU
		{599AAB47-FADB-4F6C-AFE9-DF56059FFFE3}.Debug|x64.ActiveCfg = Debug|x64
		{599AAB47-FADB-4F6C-AFE9-DF56059FFFE3}.Debug|x64.Build.0 = Debug|x64
		{599AAB47-FADB-4F6C-AFE9-DF56059FFFE3}.Debug|x86.ActiveCfg = Debug|x86
		{599AAB47-FADB-4F6C-AFE9-DF56059FFFE3}.Debug|x86.Build.0 = Debug|x86
		{599AAB47-FADB-4F6C-AFE9-DF56059FFFE3}.Release|Any CPU.ActiveCfg = Release|Any CPU
		{599AAB47-FADB-4F6C-AFE9-DF56059FFFE3}.Release|Any CPU.Build.0 = Release|Any CPU
		{599AAB47-FADB-4F6C-AFE9-DF56059FFFE3}.Release|x64.ActiveCfg = Release|x64
		{599AAB47-FADB-4F6C-AFE9-DF56059FFFE3}.Release|x64.Build.0 = Release|x64
		{599AAB47-FADB-4F6C-AFE9-DF56059FFFE3}.Release|x86.ActiveCfg = Release|x86
		{599AAB47-FADB-4F6C-AFE9-DF56059FFFE3}.Release|x86.Build.0 = Release|x86
		{E6F43030-89C2-4F82-B562-68A99E353392}.Debug|Any CPU.ActiveCfg = Debug|Any CPU
		{E6F43030-89C2-4F82-B562-68A99E353392}.Debug|Any CPU.Build.0 = Debug|Any CPU
		{E6F43030-89C2-4F82-B562-68A99E353392}.Debug|x64.ActiveCfg = Debug|x64
		{E6F43030-89C2-4F82-B562-68A99E353392}.Debug|x64.Build.0 = Debug|x64
		{E6F43030-89C2-4F82-B562-68A99E353392}.Debug|x86.ActiveCfg = Debug|x86
		{E6F43030-89C2-4F82-B562-68A99E353392}.Debug|x86.Build.0 = Debug|x86
		{E6F43030-89C2-4F82-B562-68A99E353392}.Release|Any CPU.ActiveCfg = Release|Any CPU
		{E6F43030-89C2-4F82-B562-68A99E353392}.Release|Any CPU.Build.0 = Release|Any CPU
		{E6F43030-89C2-4F82-B562-68A99E353392}.Release|x64.ActiveCfg = Release|x64
		{E6F43030-89C2-4F82-B562-68A99E353392}.Release|x64.Build.0 = Release|x64
		{E6F43030-89C2-4F82-B562-68A99E353392}.Release|x86.ActiveCfg = Release|x86
		{E6F43030-89C2-4F82-B562-68A99E353392}.Release|x86.Build.0 = Release|x86
		{769C4355-5E15-48A6-A59E-B17EE5D2E291}.Debug|Any CPU.ActiveCfg = Debug|Any CPU
		{769C4355-5E15-48A6-A59E-B17EE5D2E291}.Debug|Any CPU.Build.0 = Debug|Any CPU
		{769C4355-5E15-48A6-A59E-B17EE5D2E291}.Debug|x64.ActiveCfg = Debug|x64
		{769C4355-5E15-48A6-A59E-B17EE5D2E291}.Debug|x64.Build.0 = Debug|x64
		{769C4355-5E15-48A6-A59E-B17EE5D2E291}.Debug|x86.ActiveCfg = Debug|x86
		{769C4355-5E15-48A6-A59E-B17EE5D2E291}.Debug|x86.Build.0 = Debug|x86
		{769C4355-5E15-48A6-A59E-B17EE5D2E291}.Release|Any CPU.ActiveCfg = Release|Any CPU
		{769C4355-5E15-48A6-A59E-B17EE5D2E291}.Release|Any CPU.Build.0 = Release|Any CPU
		{769C4355-5E15-48A6-A59E-B17EE5D2E291}.Release|x64.ActiveCfg = Release|x64
		{769C4355-5E15-48A6-A59E-B17EE5D2E291}.Release|x64.Build.0 = Release|x64
		{769C4355-5E15-48A6-A59E-B17EE5D2E291}.Release|x86.ActiveCfg = Release|x86
		{769C4355-5E15-48A6-A59E-B17EE5D2E291}.Release|x86.Build.0 = Release|x86
		{E1427CF9-59CB-4E1D-B3B6-D2FD98B82516}.Debug|Any CPU.ActiveCfg = Debug|Any CPU
		{E1427CF9-59CB-4E1D-B3B6-D2FD98B82516}.Debug|Any CPU.Build.0 = Debug|Any CPU
		{E1427CF9-59CB-4E1D-B3B6-D2FD98B82516}.Debug|x64.ActiveCfg = Debug|x64
		{E1427CF9-59CB-4E1D-B3B6-D2FD98B82516}.Debug|x64.Build.0 = Debug|x64
		{E1427CF9-59CB-4E1D-B3B6-D2FD98B82516}.Debug|x86.ActiveCfg = Debug|x86
		{E1427CF9-59CB-4E1D-B3B6-D2FD98B82516}.Debug|x86.Build.0 = Debug|x86
		{E1427CF9-59CB-4E1D-B3B6-D2FD98B82516}.Release|Any CPU.ActiveCfg = Release|Any CPU
		{E1427CF9-59CB-4E1D-B3B6-D2FD98B82516}.Release|Any CPU.Build.0 = Release|Any CPU
		{E1427CF9-59CB-4E1D-B3B6-D2FD98B82516}.Release|x64.ActiveCfg = Release|x64
		{E1427CF9-59CB-4E1D-B3B6-D2FD98B82516}.Release|x64.Build.0 = Release|x64
		{E1427CF9-59CB-4E1D-B3B6-D2FD98B82516}.Release|x86.ActiveCfg = Release|x86
		{E1427CF9-59CB-4E1D-B3B6-D2FD98B82516}.Release|x86.Build.0 = Release|x86
	EndGlobalSection
	GlobalSection(SolutionProperties) = preSolution
		HideSolutionNode = FALSE
	EndGlobalSection
	GlobalSection(ExtensibilityGlobals) = postSolution
		SolutionGuid = {6B7BB703-A82E-468B-AE8C-46F0CA04AD8B}
	EndGlobalSection
EndGlobal
