
Microsoft Visual Studio Solution File, Format Version 12.00
# Visual Studio Version 16
VisualStudioVersion = 16.0.29709.97
MinimumVisualStudioVersion = 10.0.40219.1
Project("{9A19103F-16F7-4668-BE54-9A1E7A4F7556}") = "Fluid.UI.Windows.Showcase", "..\sources\Fluid.UI.Windows.Showcase\Fluid.UI.Windows.Showcase.csproj", "{599AAB47-FADB-4F6C-AFE9-DF56059FFFE3}"
EndProject
Project("{9A19103F-16F7-4668-BE54-9A1E7A4F7556}") = "Fluid.UI.Windows", "..\sources\Fluid.UI.Windows\Fluid.UI.Windows.csproj", "{769C4355-5E15-48A6-A59E-B17EE5D2E291}"
EndProject
Project("{2150E333-8FDC-42A3-9474-1A3956D46DE8}") = "Controls", "Controls", "{3632479B-346F-489E-B1EE-F6E108A55EF5}"
EndProject
Project("{9A19103F-16F7-4668-BE54-9A1E7A4F7556}") = "Fluid.UI.Windows.Controls.Drawing", "..\sources\Fluid.UI.Windows.Controls.Drawing\Fluid.UI.Windows.Controls.Drawing.csproj", "{6A38FD0B-6ED2-460D-A785-A9AB30D3A90A}"
EndProject
Global
	GlobalSection(SolutionConfigurationPlatforms) = preSolution
		Debug|Any CPU = Debug|Any CPU
		Debug|x64 = Debug|x64
		Debug|x86 = Debug|x86
		Release|Any CPU = Release|Any CPU
		Release|x64 = Release|x64
		Release|x86 = Release|x86
	EndGlobalSection
	GlobalSection(ProjectConfigurationPlatforms) = postSolution
		{599AAB47-FADB-4F6C-AFE9-DF56059FFFE3}.Debug|Any CPU.ActiveCfg = Debug|Any CPU
		{599AAB47-FADB-4F6C-AFE9-DF56059FFFE3}.Debug|Any CPU.Build.0 = Debug|Any CPU
		{599AAB47-FADB-4F6C-AFE9-DF56059FFFE3}.Debug|x64.ActiveCfg = Debug|x64
		{599AAB47-FADB-4F6C-AFE9-DF56059FFFE3}.Debug|x64.Build.0 = Debug|x64
		{599AAB47-FADB-4F6C-AFE9-DF56059FFFE3}.Debug|x86.ActiveCfg = Debug|x86
		{599AAB47-FADB-4F6C-AFE9-DF56059FFFE3}.Debug|x86.Build.0 = Debug|x86
		{599AAB47-FADB-4F6C-AFE9-DF56059FFFE3}.Release|Any CPU.ActiveCfg = Release|Any CPU
		{599AAB47-FADB-4F6C-AFE9-DF56059FFFE3}.Release|Any CPU.Build.0 = Release|Any CPU
		{599AAB47-FADB-4F6C-AFE9-DF56059FFFE3}.Release|x64.ActiveCfg = Release|x64
		{599AAB47-FADB-4F6C-AFE9-DF56059FFFE3}.Release|x64.Build.0 = Release|x64
		{599AAB47-FADB-4F6C-AFE9-DF56059FFFE3}.Release|x86.ActiveCfg = Release|x86
		{599AAB47-FADB-4F6C-AFE9-DF56059FFFE3}.Release|x86.Build.0 = Release|x86
		{769C4355-5E15-48A6-A59E-B17EE5D2E291}.Debug|Any CPU.ActiveCfg = Debug|Any CPU
		{769C4355-5E15-48A6-A59E-B17EE5D2E291}.Debug|Any CPU.Build.0 = Debug|Any CPU
		{769C4355-5E15-48A6-A59E-B17EE5D2E291}.Debug|x64.ActiveCfg = Debug|x64
		{769C4355-5E15-48A6-A59E-B17EE5D2E291}.Debug|x64.Build.0 = Debug|x64
		{769C4355-5E15-48A6-A59E-B17EE5D2E291}.Debug|x86.ActiveCfg = Debug|x86
		{769C4355-5E15-48A6-A59E-B17EE5D2E291}.Debug|x86.Build.0 = Debug|x86
		{769C4355-5E15-48A6-A59E-B17EE5D2E291}.Release|Any CPU.ActiveCfg = Release|Any CPU
		{769C4355-5E15-48A6-A59E-B17EE5D2E291}.Release|Any CPU.Build.0 = Release|Any CPU
		{769C4355-5E15-48A6-A59E-B17EE5D2E291}.Release|x64.ActiveCfg = Release|x64
		{769C4355-5E15-48A6-A59E-B17EE5D2E291}.Release|x64.Build.0 = Release|x64
		{769C4355-5E15-48A6-A59E-B17EE5D2E291}.Release|x86.ActiveCfg = Release|x86
		{769C4355-5E15-48A6-A59E-B17EE5D2E291}.Release|x86.Build.0 = Release|x86
		{6A38FD0B-6ED2-460D-A785-A9AB30D3A90A}.Debug|Any CPU.ActiveCfg = Debug|Any CPU
		{6A38FD0B-6ED2-460D-A785-A9AB30D3A90A}.Debug|Any CPU.Build.0 = Debug|Any CPU
		{6A38FD0B-6ED2-460D-A785-A9AB30D3A90A}.Debug|x64.ActiveCfg = Debug|x64
		{6A38FD0B-6ED2-460D-A785-A9AB30D3A90A}.Debug|x64.Build.0 = Debug|x64
		{6A38FD0B-6ED2-460D-A785-A9AB30D3A90A}.Debug|x86.ActiveCfg = Debug|x86
		{6A38FD0B-6ED2-460D-A785-A9AB30D3A90A}.Debug|x86.Build.0 = Debug|x86
		{6A38FD0B-6ED2-460D-A785-A9AB30D3A90A}.Release|Any CPU.ActiveCfg = Release|Any CPU
		{6A38FD0B-6ED2-460D-A785-A9AB30D3A90A}.Release|Any CPU.Build.0 = Release|Any CPU
		{6A38FD0B-6ED2-460D-A785-A9AB30D3A90A}.Release|x64.ActiveCfg = Release|x64
		{6A38FD0B-6ED2-460D-A785-A9AB30D3A90A}.Release|x64.Build.0 = Release|x64
		{6A38FD0B-6ED2-460D-A785-A9AB30D3A90A}.Release|x86.ActiveCfg = Release|x86
		{6A38FD0B-6ED2-460D-A785-A9AB30D3A90A}.Release|x86.Build.0 = Release|x86
	EndGlobalSection
	GlobalSection(SolutionProperties) = preSolution
		HideSolutionNode = FALSE
	EndGlobalSection
	GlobalSection(NestedProjects) = preSolution
		{6A38FD0B-6ED2-460D-A785-A9AB30D3A90A} = {3632479B-346F-489E-B1EE-F6E108A55EF5}
	EndGlobalSection
	GlobalSection(ExtensibilityGlobals) = postSolution
		SolutionGuid = {6B7BB703-A82E-468B-AE8C-46F0CA04AD8B}
	EndGlobalSection
EndGlobal
