
Microsoft Visual Studio Solution File, Format Version 12.00
# Visual Studio Version 16
VisualStudioVersion = 16.0.29709.97
MinimumVisualStudioVersion = 10.0.40219.1
Project("{2150E333-8FDC-42A3-9474-1A3956D46DE8}") = "Windows", "Windows", "{C68996C2-037B-4C99-9CCE-5D1BE04BF57C}"
EndProject
Project("{9A19103F-16F7-4668-BE54-9A1E7A4F7556}") = "Fluid.UI.Windows", "..\sources\Fluid.UI.Windows\Fluid.UI.Windows.csproj", "{1E35111B-6B56-473F-AD97-042C75D82594}"
EndProject
Project("{9A19103F-16F7-4668-BE54-9A1E7A4F7556}") = "Fluid.UI.Windows.Themes", "..\sources\Fluid.UI.Windows.Themes\Fluid.UI.Windows.Themes.csproj", "{5DD0D1F8-9CD8-47E4-AD21-59AA1DC0196F}"
EndProject
Project("{9A19103F-16F7-4668-BE54-9A1E7A4F7556}") = "Fluid.UI.Windows.Controls.Styles", "..\sources\Fluid.UI.Windows.Controls.Styles\Fluid.UI.Windows.Controls.Styles.csproj", "{14E3CE07-0121-414B-AB5F-0260E0930BA7}"
EndProject
Project("{9A19103F-16F7-4668-BE54-9A1E7A4F7556}") = "Fluid.UI.Windows.Controls.Helpers", "..\sources\Fluid.UI.Windows.Controls.Helpers\Fluid.UI.Windows.Controls.Helpers.csproj", "{4AD83C45-BBD8-4B76-A228-D657E5B21FFB}"
EndProject
Project("{2150E333-8FDC-42A3-9474-1A3956D46DE8}") = "Controls", "Controls", "{A0A7A41E-28B4-4055-A30B-D9B38AB233FB}"
EndProject
Project("{9A19103F-16F7-4668-BE54-9A1E7A4F7556}") = "Fluid.UI.Windows.Converters", "..\sources\Fluid.UI.Windows.Converters\Fluid.UI.Windows.Converters.csproj", "{01A97FCA-2066-4E6A-9656-FB4ECBB424B9}"
EndProject
Project("{9A19103F-16F7-4668-BE54-9A1E7A4F7556}") = "Fluid.UI.Windows.Controls.Primitives", "..\sources\Fluid.UI.Windows.Controls.Primitives\Fluid.UI.Windows.Controls.Primitives.csproj", "{C4F4CFE8-A1A4-4EDC-AA5C-B92D4FDB7F97}"
EndProject
Project("{9A19103F-16F7-4668-BE54-9A1E7A4F7556}") = "Fluid.UI.Windows.Controls.Styles.IO", "..\sources\Fluid.UI.Windows.Controls.Styles.IO\Fluid.UI.Windows.Controls.Styles.IO.csproj", "{F9949160-837D-4C08-A94A-AAF2952D8296}"
EndProject
Project("{FAE04EC0-301F-11D3-BF4B-00C04F79EFBC}") = "Fluid.UI.Windows.Animations", "..\sources\Fluid.UI.Windows.Animations\Fluid.UI.Windows.Animations.csproj", "{9C525517-895E-4F7E-BA74-939B9888C239}"
EndProject
Project("{FAE04EC0-301F-11D3-BF4B-00C04F79EFBC}") = "Fluid.UI.Windows.Behaviors", "..\sources\Fluid.UI.Windows.Behaviors\Fluid.UI.Windows.Behaviors.csproj", "{1FF14EE6-9534-44AB-9E97-796F0C658C0D}"
EndProject
Global
	GlobalSection(SolutionConfigurationPlatforms) = preSolution
		Debug|Any CPU = Debug|Any CPU
		Debug|x64 = Debug|x64
		Debug|x86 = Debug|x86
		Release|Any CPU = Release|Any CPU
		Release|x64 = Release|x64
		Release|x86 = Release|x86
	EndGlobalSection
	GlobalSection(ProjectConfigurationPlatforms) = postSolution
		{1E35111B-6B56-473F-AD97-042C75D82594}.Debug|Any CPU.ActiveCfg = Debug|Any CPU
		{1E35111B-6B56-473F-AD97-042C75D82594}.Debug|Any CPU.Build.0 = Debug|Any CPU
		{1E35111B-6B56-473F-AD97-042C75D82594}.Debug|x64.ActiveCfg = Debug|x64
		{1E35111B-6B56-473F-AD97-042C75D82594}.Debug|x64.Build.0 = Debug|x64
		{1E35111B-6B56-473F-AD97-042C75D82594}.Debug|x86.ActiveCfg = Debug|x86
		{1E35111B-6B56-473F-AD97-042C75D82594}.Debug|x86.Build.0 = Debug|x86
		{1E35111B-6B56-473F-AD97-042C75D82594}.Release|Any CPU.ActiveCfg = Release|Any CPU
		{1E35111B-6B56-473F-AD97-042C75D82594}.Release|Any CPU.Build.0 = Release|Any CPU
		{1E35111B-6B56-473F-AD97-042C75D82594}.Release|x64.ActiveCfg = Release|x64
		{1E35111B-6B56-473F-AD97-042C75D82594}.Release|x64.Build.0 = Release|x64
		{1E35111B-6B56-473F-AD97-042C75D82594}.Release|x86.ActiveCfg = Release|x86
		{1E35111B-6B56-473F-AD97-042C75D82594}.Release|x86.Build.0 = Release|x86
		{5DD0D1F8-9CD8-47E4-AD21-59AA1DC0196F}.Debug|Any CPU.ActiveCfg = Debug|Any CPU
		{5DD0D1F8-9CD8-47E4-AD21-59AA1DC0196F}.Debug|Any CPU.Build.0 = Debug|Any CPU
		{5DD0D1F8-9CD8-47E4-AD21-59AA1DC0196F}.Debug|x64.ActiveCfg = Debug|x64
		{5DD0D1F8-9CD8-47E4-AD21-59AA1DC0196F}.Debug|x64.Build.0 = Debug|x64
		{5DD0D1F8-9CD8-47E4-AD21-59AA1DC0196F}.Debug|x86.ActiveCfg = Debug|x86
		{5DD0D1F8-9CD8-47E4-AD21-59AA1DC0196F}.Debug|x86.Build.0 = Debug|x86
		{5DD0D1F8-9CD8-47E4-AD21-59AA1DC0196F}.Release|Any CPU.ActiveCfg = Release|Any CPU
		{5DD0D1F8-9CD8-47E4-AD21-59AA1DC0196F}.Release|Any CPU.Build.0 = Release|Any CPU
		{5DD0D1F8-9CD8-47E4-AD21-59AA1DC0196F}.Release|x64.ActiveCfg = Release|x64
		{5DD0D1F8-9CD8-47E4-AD21-59AA1DC0196F}.Release|x64.Build.0 = Release|x64
		{5DD0D1F8-9CD8-47E4-AD21-59AA1DC0196F}.Release|x86.ActiveCfg = Release|x86
		{5DD0D1F8-9CD8-47E4-AD21-59AA1DC0196F}.Release|x86.Build.0 = Release|x86
		{14E3CE07-0121-414B-AB5F-0260E0930BA7}.Debug|Any CPU.ActiveCfg = Debug|Any CPU
		{14E3CE07-0121-414B-AB5F-0260E0930BA7}.Debug|Any CPU.Build.0 = Debug|Any CPU
		{14E3CE07-0121-414B-AB5F-0260E0930BA7}.Debug|x64.ActiveCfg = Debug|x64
		{14E3CE07-0121-414B-AB5F-0260E0930BA7}.Debug|x64.Build.0 = Debug|x64
		{14E3CE07-0121-414B-AB5F-0260E0930BA7}.Debug|x86.ActiveCfg = Debug|x86
		{14E3CE07-0121-414B-AB5F-0260E0930BA7}.Debug|x86.Build.0 = Debug|x86
		{14E3CE07-0121-414B-AB5F-0260E0930BA7}.Release|Any CPU.ActiveCfg = Release|Any CPU
		{14E3CE07-0121-414B-AB5F-0260E0930BA7}.Release|Any CPU.Build.0 = Release|Any CPU
		{14E3CE07-0121-414B-AB5F-0260E0930BA7}.Release|x64.ActiveCfg = Release|x64
		{14E3CE07-0121-414B-AB5F-0260E0930BA7}.Release|x64.Build.0 = Release|x64
		{14E3CE07-0121-414B-AB5F-0260E0930BA7}.Release|x86.ActiveCfg = Release|x86
		{14E3CE07-0121-414B-AB5F-0260E0930BA7}.Release|x86.Build.0 = Release|x86
		{4AD83C45-BBD8-4B76-A228-D657E5B21FFB}.Debug|Any CPU.ActiveCfg = Debug|Any CPU
		{4AD83C45-BBD8-4B76-A228-D657E5B21FFB}.Debug|Any CPU.Build.0 = Debug|Any CPU
		{4AD83C45-BBD8-4B76-A228-D657E5B21FFB}.Debug|x64.ActiveCfg = Debug|x64
		{4AD83C45-BBD8-4B76-A228-D657E5B21FFB}.Debug|x64.Build.0 = Debug|x64
		{4AD83C45-BBD8-4B76-A228-D657E5B21FFB}.Debug|x86.ActiveCfg = Debug|x86
		{4AD83C45-BBD8-4B76-A228-D657E5B21FFB}.Debug|x86.Build.0 = Debug|x86
		{4AD83C45-BBD8-4B76-A228-D657E5B21FFB}.Release|Any CPU.ActiveCfg = Release|Any CPU
		{4AD83C45-BBD8-4B76-A228-D657E5B21FFB}.Release|Any CPU.Build.0 = Release|Any CPU
		{4AD83C45-BBD8-4B76-A228-D657E5B21FFB}.Release|x64.ActiveCfg = Release|x64
		{4AD83C45-BBD8-4B76-A228-D657E5B21FFB}.Release|x64.Build.0 = Release|x64
		{4AD83C45-BBD8-4B76-A228-D657E5B21FFB}.Release|x86.ActiveCfg = Release|x86
		{4AD83C45-BBD8-4B76-A228-D657E5B21FFB}.Release|x86.Build.0 = Release|x86
		{01A97FCA-2066-4E6A-9656-FB4ECBB424B9}.Debug|Any CPU.ActiveCfg = Debug|Any CPU
		{01A97FCA-2066-4E6A-9656-FB4ECBB424B9}.Debug|Any CPU.Build.0 = Debug|Any CPU
		{01A97FCA-2066-4E6A-9656-FB4ECBB424B9}.Debug|x64.ActiveCfg = Debug|Any CPU
		{01A97FCA-2066-4E6A-9656-FB4ECBB424B9}.Debug|x64.Build.0 = Debug|Any CPU
		{01A97FCA-2066-4E6A-9656-FB4ECBB424B9}.Debug|x86.ActiveCfg = Debug|Any CPU
		{01A97FCA-2066-4E6A-9656-FB4ECBB424B9}.Debug|x86.Build.0 = Debug|Any CPU
		{01A97FCA-2066-4E6A-9656-FB4ECBB424B9}.Release|Any CPU.ActiveCfg = Release|Any CPU
		{01A97FCA-2066-4E6A-9656-FB4ECBB424B9}.Release|Any CPU.Build.0 = Release|Any CPU
		{01A97FCA-2066-4E6A-9656-FB4ECBB424B9}.Release|x64.ActiveCfg = Release|Any CPU
		{01A97FCA-2066-4E6A-9656-FB4ECBB424B9}.Release|x64.Build.0 = Release|Any CPU
		{01A97FCA-2066-4E6A-9656-FB4ECBB424B9}.Release|x86.ActiveCfg = Release|Any CPU
		{01A97FCA-2066-4E6A-9656-FB4ECBB424B9}.Release|x86.Build.0 = Release|Any CPU
		{C4F4CFE8-A1A4-4EDC-AA5C-B92D4FDB7F97}.Debug|Any CPU.ActiveCfg = Debug|Any CPU
		{C4F4CFE8-A1A4-4EDC-AA5C-B92D4FDB7F97}.Debug|Any CPU.Build.0 = Debug|Any CPU
		{C4F4CFE8-A1A4-4EDC-AA5C-B92D4FDB7F97}.Debug|x64.ActiveCfg = Debug|Any CPU
		{C4F4CFE8-A1A4-4EDC-AA5C-B92D4FDB7F97}.Debug|x64.Build.0 = Debug|Any CPU
		{C4F4CFE8-A1A4-4EDC-AA5C-B92D4FDB7F97}.Debug|x86.ActiveCfg = Debug|Any CPU
		{C4F4CFE8-A1A4-4EDC-AA5C-B92D4FDB7F97}.Debug|x86.Build.0 = Debug|Any CPU
		{C4F4CFE8-A1A4-4EDC-AA5C-B92D4FDB7F97}.Release|Any CPU.ActiveCfg = Release|Any CPU
		{C4F4CFE8-A1A4-4EDC-AA5C-B92D4FDB7F97}.Release|Any CPU.Build.0 = Release|Any CPU
		{C4F4CFE8-A1A4-4EDC-AA5C-B92D4FDB7F97}.Release|x64.ActiveCfg = Release|Any CPU
		{C4F4CFE8-A1A4-4EDC-AA5C-B92D4FDB7F97}.Release|x64.Build.0 = Release|Any CPU
		{C4F4CFE8-A1A4-4EDC-AA5C-B92D4FDB7F97}.Release|x86.ActiveCfg = Release|Any CPU
		{C4F4CFE8-A1A4-4EDC-AA5C-B92D4FDB7F97}.Release|x86.Build.0 = Release|Any CPU
		{F9949160-837D-4C08-A94A-AAF2952D8296}.Debug|Any CPU.ActiveCfg = Debug|Any CPU
		{F9949160-837D-4C08-A94A-AAF2952D8296}.Debug|Any CPU.Build.0 = Debug|Any CPU
		{F9949160-837D-4C08-A94A-AAF2952D8296}.Debug|x64.ActiveCfg = Debug|Any CPU
		{F9949160-837D-4C08-A94A-AAF2952D8296}.Debug|x64.Build.0 = Debug|Any CPU
		{F9949160-837D-4C08-A94A-AAF2952D8296}.Debug|x86.ActiveCfg = Debug|Any CPU
		{F9949160-837D-4C08-A94A-AAF2952D8296}.Debug|x86.Build.0 = Debug|Any CPU
		{F9949160-837D-4C08-A94A-AAF2952D8296}.Release|Any CPU.ActiveCfg = Release|Any CPU
		{F9949160-837D-4C08-A94A-AAF2952D8296}.Release|Any CPU.Build.0 = Release|Any CPU
		{F9949160-837D-4C08-A94A-AAF2952D8296}.Release|x64.ActiveCfg = Release|Any CPU
		{F9949160-837D-4C08-A94A-AAF2952D8296}.Release|x64.Build.0 = Release|Any CPU
		{F9949160-837D-4C08-A94A-AAF2952D8296}.Release|x86.ActiveCfg = Release|Any CPU
		{F9949160-837D-4C08-A94A-AAF2952D8296}.Release|x86.Build.0 = Release|Any CPU
		{9C525517-895E-4F7E-BA74-939B9888C239}.Debug|Any CPU.ActiveCfg = Debug|Any CPU
		{9C525517-895E-4F7E-BA74-939B9888C239}.Debug|Any CPU.Build.0 = Debug|Any CPU
		{9C525517-895E-4F7E-BA74-939B9888C239}.Debug|x64.ActiveCfg = Debug|Any CPU
		{9C525517-895E-4F7E-BA74-939B9888C239}.Debug|x64.Build.0 = Debug|Any CPU
		{9C525517-895E-4F7E-BA74-939B9888C239}.Debug|x86.ActiveCfg = Debug|Any CPU
		{9C525517-895E-4F7E-BA74-939B9888C239}.Debug|x86.Build.0 = Debug|Any CPU
		{9C525517-895E-4F7E-BA74-939B9888C239}.Release|Any CPU.ActiveCfg = Release|Any CPU
		{9C525517-895E-4F7E-BA74-939B9888C239}.Release|Any CPU.Build.0 = Release|Any CPU
		{9C525517-895E-4F7E-BA74-939B9888C239}.Release|x64.ActiveCfg = Release|Any CPU
		{9C525517-895E-4F7E-BA74-939B9888C239}.Release|x64.Build.0 = Release|Any CPU
		{9C525517-895E-4F7E-BA74-939B9888C239}.Release|x86.ActiveCfg = Release|Any CPU
		{9C525517-895E-4F7E-BA74-939B9888C239}.Release|x86.Build.0 = Release|Any CPU
		{1FF14EE6-9534-44AB-9E97-796F0C658C0D}.Debug|Any CPU.ActiveCfg = Debug|Any CPU
		{1FF14EE6-9534-44AB-9E97-796F0C658C0D}.Debug|Any CPU.Build.0 = Debug|Any CPU
		{1FF14EE6-9534-44AB-9E97-796F0C658C0D}.Debug|x64.ActiveCfg = Debug|Any CPU
		{1FF14EE6-9534-44AB-9E97-796F0C658C0D}.Debug|x64.Build.0 = Debug|Any CPU
		{1FF14EE6-9534-44AB-9E97-796F0C658C0D}.Debug|x86.ActiveCfg = Debug|Any CPU
		{1FF14EE6-9534-44AB-9E97-796F0C658C0D}.Debug|x86.Build.0 = Debug|Any CPU
		{1FF14EE6-9534-44AB-9E97-796F0C658C0D}.Release|Any CPU.ActiveCfg = Release|Any CPU
		{1FF14EE6-9534-44AB-9E97-796F0C658C0D}.Release|Any CPU.Build.0 = Release|Any CPU
		{1FF14EE6-9534-44AB-9E97-796F0C658C0D}.Release|x64.ActiveCfg = Release|Any CPU
		{1FF14EE6-9534-44AB-9E97-796F0C658C0D}.Release|x64.Build.0 = Release|Any CPU
		{1FF14EE6-9534-44AB-9E97-796F0C658C0D}.Release|x86.ActiveCfg = Release|Any CPU
		{1FF14EE6-9534-44AB-9E97-796F0C658C0D}.Release|x86.Build.0 = Release|Any CPU
	EndGlobalSection
	GlobalSection(SolutionProperties) = preSolution
		HideSolutionNode = FALSE
	EndGlobalSection
	GlobalSection(NestedProjects) = preSolution
		{1E35111B-6B56-473F-AD97-042C75D82594} = {C68996C2-037B-4C99-9CCE-5D1BE04BF57C}
		{5DD0D1F8-9CD8-47E4-AD21-59AA1DC0196F} = {C68996C2-037B-4C99-9CCE-5D1BE04BF57C}
		{14E3CE07-0121-414B-AB5F-0260E0930BA7} = {A0A7A41E-28B4-4055-A30B-D9B38AB233FB}
		{4AD83C45-BBD8-4B76-A228-D657E5B21FFB} = {A0A7A41E-28B4-4055-A30B-D9B38AB233FB}
		{A0A7A41E-28B4-4055-A30B-D9B38AB233FB} = {C68996C2-037B-4C99-9CCE-5D1BE04BF57C}
		{01A97FCA-2066-4E6A-9656-FB4ECBB424B9} = {C68996C2-037B-4C99-9CCE-5D1BE04BF57C}
		{C4F4CFE8-A1A4-4EDC-AA5C-B92D4FDB7F97} = {A0A7A41E-28B4-4055-A30B-D9B38AB233FB}
		{F9949160-837D-4C08-A94A-AAF2952D8296} = {A0A7A41E-28B4-4055-A30B-D9B38AB233FB}
		{9C525517-895E-4F7E-BA74-939B9888C239} = {C68996C2-037B-4C99-9CCE-5D1BE04BF57C}
		{1FF14EE6-9534-44AB-9E97-796F0C658C0D} = {C68996C2-037B-4C99-9CCE-5D1BE04BF57C}
	EndGlobalSection
	GlobalSection(ExtensibilityGlobals) = postSolution
		SolutionGuid = {6B7BB703-A82E-468B-AE8C-46F0CA04AD8B}
	EndGlobalSection
EndGlobal
