
Microsoft Visual Studio Solution File, Format Version 12.00
# Visual Studio Version 16
VisualStudioVersion = 16.0.29709.97
MinimumVisualStudioVersion = 10.0.40219.1
Project("{9A19103F-16F7-4668-BE54-9A1E7A4F7556}") = "Waves.UI.Windows.Showcase", "..\sources\Waves.UI.Windows.Showcase\Waves.UI.Windows.Showcase.csproj", "{599AAB47-FADB-4F6C-AFE9-DF56059FFFE3}"
EndProject
Project("{9A19103F-16F7-4668-BE54-9A1E7A4F7556}") = "Waves.UI.Windows", "..\sources\Waves.UI.Windows\Waves.UI.Windows.csproj", "{769C4355-5E15-48A6-A59E-B17EE5D2E291}"
EndProject
Project("{2150E333-8FDC-42A3-9474-1A3956D46DE8}") = "Drawing", "Drawing", "{3632479B-346F-489E-B1EE-F6E108A55EF5}"
EndProject
Project("{9A19103F-16F7-4668-BE54-9A1E7A4F7556}") = "Waves.UI.Windows.Drawing.Engine.Skia", "..\sources\Waves.UI.Windows.Drawing.Engine.Skia\Waves.UI.Windows.Drawing.Engine.Skia.csproj", "{2DACF537-A24A-465F-8756-DC637B97C3FC}"
EndProject
Project("{2150E333-8FDC-42A3-9474-1A3956D46DE8}") = "Engines", "Engines", "{94943187-32CE-49CD-BAF0-1175176FBF35}"
EndProject
Global
	GlobalSection(SolutionConfigurationPlatforms) = preSolution
		Debug|Any CPU = Debug|Any CPU
		Debug|x64 = Debug|x64
		Debug|x86 = Debug|x86
		Release|Any CPU = Release|Any CPU
		Release|x64 = Release|x64
		Release|x86 = Release|x86
	EndGlobalSection
	GlobalSection(ProjectConfigurationPlatforms) = postSolution
		{599AAB47-FADB-4F6C-AFE9-DF56059FFFE3}.Debug|Any CPU.ActiveCfg = Debug|Any CPU
		{599AAB47-FADB-4F6C-AFE9-DF56059FFFE3}.Debug|Any CPU.Build.0 = Debug|Any CPU
		{599AAB47-FADB-4F6C-AFE9-DF56059FFFE3}.Debug|x64.ActiveCfg = Debug|x64
		{599AAB47-FADB-4F6C-AFE9-DF56059FFFE3}.Debug|x64.Build.0 = Debug|x64
		{599AAB47-FADB-4F6C-AFE9-DF56059FFFE3}.Debug|x86.ActiveCfg = Debug|x86
		{599AAB47-FADB-4F6C-AFE9-DF56059FFFE3}.Debug|x86.Build.0 = Debug|x86
		{599AAB47-FADB-4F6C-AFE9-DF56059FFFE3}.Release|Any CPU.ActiveCfg = Release|Any CPU
		{599AAB47-FADB-4F6C-AFE9-DF56059FFFE3}.Release|Any CPU.Build.0 = Release|Any CPU
		{599AAB47-FADB-4F6C-AFE9-DF56059FFFE3}.Release|x64.ActiveCfg = Release|x64
		{599AAB47-FADB-4F6C-AFE9-DF56059FFFE3}.Release|x64.Build.0 = Release|x64
		{599AAB47-FADB-4F6C-AFE9-DF56059FFFE3}.Release|x86.ActiveCfg = Release|x86
		{599AAB47-FADB-4F6C-AFE9-DF56059FFFE3}.Release|x86.Build.0 = Release|x86
		{769C4355-5E15-48A6-A59E-B17EE5D2E291}.Debug|Any CPU.ActiveCfg = Debug|Any CPU
		{769C4355-5E15-48A6-A59E-B17EE5D2E291}.Debug|Any CPU.Build.0 = Debug|Any CPU
		{769C4355-5E15-48A6-A59E-B17EE5D2E291}.Debug|x64.ActiveCfg = Debug|x64
		{769C4355-5E15-48A6-A59E-B17EE5D2E291}.Debug|x64.Build.0 = Debug|x64
		{769C4355-5E15-48A6-A59E-B17EE5D2E291}.Debug|x86.ActiveCfg = Debug|x86
		{769C4355-5E15-48A6-A59E-B17EE5D2E291}.Debug|x86.Build.0 = Debug|x86
		{769C4355-5E15-48A6-A59E-B17EE5D2E291}.Release|Any CPU.ActiveCfg = Release|Any CPU
		{769C4355-5E15-48A6-A59E-B17EE5D2E291}.Release|Any CPU.Build.0 = Release|Any CPU
		{769C4355-5E15-48A6-A59E-B17EE5D2E291}.Release|x64.ActiveCfg = Release|x64
		{769C4355-5E15-48A6-A59E-B17EE5D2E291}.Release|x64.Build.0 = Release|x64
		{769C4355-5E15-48A6-A59E-B17EE5D2E291}.Release|x86.ActiveCfg = Release|x86
		{769C4355-5E15-48A6-A59E-B17EE5D2E291}.Release|x86.Build.0 = Release|x86
		{2DACF537-A24A-465F-8756-DC637B97C3FC}.Debug|Any CPU.ActiveCfg = Debug|Any CPU
		{2DACF537-A24A-465F-8756-DC637B97C3FC}.Debug|Any CPU.Build.0 = Debug|Any CPU
		{2DACF537-A24A-465F-8756-DC637B97C3FC}.Debug|x64.ActiveCfg = Debug|x64
		{2DACF537-A24A-465F-8756-DC637B97C3FC}.Debug|x64.Build.0 = Debug|x64
		{2DACF537-A24A-465F-8756-DC637B97C3FC}.Debug|x86.ActiveCfg = Debug|x86
		{2DACF537-A24A-465F-8756-DC637B97C3FC}.Debug|x86.Build.0 = Debug|x86
		{2DACF537-A24A-465F-8756-DC637B97C3FC}.Release|Any CPU.ActiveCfg = Release|Any CPU
		{2DACF537-A24A-465F-8756-DC637B97C3FC}.Release|Any CPU.Build.0 = Release|Any CPU
		{2DACF537-A24A-465F-8756-DC637B97C3FC}.Release|x64.ActiveCfg = Release|x64
		{2DACF537-A24A-465F-8756-DC637B97C3FC}.Release|x64.Build.0 = Release|x64
		{2DACF537-A24A-465F-8756-DC637B97C3FC}.Release|x86.ActiveCfg = Release|x86
		{2DACF537-A24A-465F-8756-DC637B97C3FC}.Release|x86.Build.0 = Release|x86
	EndGlobalSection
	GlobalSection(SolutionProperties) = preSolution
		HideSolutionNode = FALSE
	EndGlobalSection
	GlobalSection(NestedProjects) = preSolution
		{2DACF537-A24A-465F-8756-DC637B97C3FC} = {94943187-32CE-49CD-BAF0-1175176FBF35}
		{94943187-32CE-49CD-BAF0-1175176FBF35} = {3632479B-346F-489E-B1EE-F6E108A55EF5}
	EndGlobalSection
	GlobalSection(ExtensibilityGlobals) = postSolution
		SolutionGuid = {6B7BB703-A82E-468B-AE8C-46F0CA04AD8B}
	EndGlobalSection
EndGlobal
